
Microsoft Visual Studio Solution File, Format Version 12.00
# Visual Studio 2013
VisualStudioVersion = 12.0.30501.0
MinimumVisualStudioVersion = 10.0.40219.1
Project("{FAE04EC0-301F-11D3-BF4B-00C04F79EFBC}") = "Coach_Academy", "Coach_Academy\Coach_Academy.csproj", "{E39FC461-3B9D-4536-B963-7D43ABAAA07A}"
EndProject
Global
	GlobalSection(SolutionConfigurationPlatforms) = preSolution
		Debug|Any CPU = Debug|Any CPU
		Release|Any CPU = Release|Any CPU
	EndGlobalSection
	GlobalSection(ProjectConfigurationPlatforms) = postSolution
		{E39FC461-3B9D-4536-B963-7D43ABAAA07A}.Debug|Any CPU.ActiveCfg = Debug|Any CPU
		{E39FC461-3B9D-4536-B963-7D43ABAAA07A}.Debug|Any CPU.Build.0 = Debug|Any CPU
		{E39FC461-3B9D-4536-B963-7D43ABAAA07A}.Release|Any CPU.ActiveCfg = Release|Any CPU
		{E39FC461-3B9D-4536-B963-7D43ABAAA07A}.Release|Any CPU.Build.0 = Release|Any CPU
	EndGlobalSection
	GlobalSection(SolutionProperties) = preSolution
		HideSolutionNode = FALSE
	EndGlobalSection
EndGlobal
